
Microsoft Visual Studio Solution File, Format Version 12.00
# Visual Studio Version 17
VisualStudioVersion = 17.14.37314.3
MinimumVisualStudioVersion = 10.0.40219.1
Project("{FAE04EC0-301F-11D3-BF4B-00C04F79EFBC}") = "IIoT.CollectorRuntime", "IIoT.CollectorRuntime\IIoT.CollectorRuntime.csproj", "{6B6AFA3D-0E76-4314-B6B4-45BB3B9FA78E}"
EndProject
Project("{FAE04EC0-301F-11D3-BF4B-00C04F79EFBC}") = "lssLib.Config", "..\..\..\..\..\Base\BCL\Config\lssLib.Config\lssLib.Config.csproj", "{4DD31282-8BA8-6642-C4A2-F64801773F08}"
EndProject
Project("{FAE04EC0-301F-11D3-BF4B-00C04F79EFBC}") = "lssLib.Log", "..\..\..\..\..\Base\BCL\log\lssLib.Log\lssLib.Log.csproj", "{CADD5FB9-89DD-CE40-6F04-68EADE622348}"
EndProject
Project("{FAE04EC0-301F-11D3-BF4B-00C04F79EFBC}") = "lssLib.Utils", "..\..\..\..\..\Base\BCL\Utils\lssLib.Utils\lssLib.Utils.csproj", "{BE2243FA-4023-AC37-803D-0900A2F9C4B3}"
EndProject
Project("{FAE04EC0-301F-11D3-BF4B-00C04F79EFBC}") = "IIoT.UI.Themes", "..\..\Themes\IIoT.UI.Themes\IIoT.UI.Themes.csproj", "{4AA9DD28-16F5-E1F7-4D76-FF54C14F99B0}"
EndProject
Global
	GlobalSection(SolutionConfigurationPlatforms) = preSolution
		Debug|Any CPU = Debug|Any CPU
		Release|Any CPU = Release|Any CPU
	EndGlobalSection
	GlobalSection(ProjectConfigurationPlatforms) = postSolution
		{6B6AFA3D-0E76-4314-B6B4-45BB3B9FA78E}.Debug|Any CPU.ActiveCfg = Debug|Any CPU
		{6B6AFA3D-0E76-4314-B6B4-45BB3B9FA78E}.Debug|Any CPU.Build.0 = Debug|Any CPU
		{6B6AFA3D-0E76-4314-B6B4-45BB3B9FA78E}.Release|Any CPU.ActiveCfg = Release|Any CPU
		{6B6AFA3D-0E76-4314-B6B4-45BB3B9FA78E}.Release|Any CPU.Build.0 = Release|Any CPU
		{4DD31282-8BA8-6642-C4A2-F64801773F08}.Debug|Any CPU.ActiveCfg = Debug|Any CPU
		{4DD31282-8BA8-6642-C4A2-F64801773F08}.Debug|Any CPU.Build.0 = Debug|Any CPU
		{4DD31282-8BA8-6642-C4A2-F64801773F08}.Release|Any CPU.ActiveCfg = Release|Any CPU
		{4DD31282-8BA8-6642-C4A2-F64801773F08}.Release|Any CPU.Build.0 = Release|Any CPU
		{CADD5FB9-89DD-CE40-6F04-68EADE622348}.Debug|Any CPU.ActiveCfg = Debug|Any CPU
		{CADD5FB9-89DD-CE40-6F04-68EADE622348}.Debug|Any CPU.Build.0 = Debug|Any CPU
		{CADD5FB9-89DD-CE40-6F04-68EADE622348}.Release|Any CPU.ActiveCfg = Release|Any CPU
		{CADD5FB9-89DD-CE40-6F04-68EADE622348}.Release|Any CPU.Build.0 = Release|Any CPU
		{BE2243FA-4023-AC37-803D-0900A2F9C4B3}.Debug|Any CPU.ActiveCfg = Debug|Any CPU
		{BE2243FA-4023-AC37-803D-0900A2F9C4B3}.Debug|Any CPU.Build.0 = Debug|Any CPU
		{BE2243FA-4023-AC37-803D-0900A2F9C4B3}.Release|Any CPU.ActiveCfg = Release|Any CPU
		{BE2243FA-4023-AC37-803D-0900A2F9C4B3}.Release|Any CPU.Build.0 = Release|Any CPU
		{4AA9DD28-16F5-E1F7-4D76-FF54C14F99B0}.Debug|Any CPU.ActiveCfg = Debug|Any CPU
		{4AA9DD28-16F5-E1F7-4D76-FF54C14F99B0}.Debug|Any CPU.Build.0 = Debug|Any CPU
		{4AA9DD28-16F5-E1F7-4D76-FF54C14F99B0}.Release|Any CPU.ActiveCfg = Release|Any CPU
		{4AA9DD28-16F5-E1F7-4D76-FF54C14F99B0}.Release|Any CPU.Build.0 = Release|Any CPU
	EndGlobalSection
	GlobalSection(SolutionProperties) = preSolution
		HideSolutionNode = FALSE
	EndGlobalSection
	GlobalSection(ExtensibilityGlobals) = postSolution
		SolutionGuid = {D7590F81-C50D-42A5-B7F7-5D103ABB5EE8}
	EndGlobalSection
EndGlobal
