
Microsoft Visual Studio Solution File, Format Version 12.00
# Visual Studio Version 17
VisualStudioVersion = 17.11.35327.3
MinimumVisualStudioVersion = 10.0.40219.1
Project("{FAE04EC0-301F-11D3-BF4B-00C04F79EFBC}") = "lssLib.Messaging", "lssLib.Messaging\lssLib.Messaging.csproj", "{4BB39132-F9FE-C83B-DD47-9AD610050263}"
EndProject
Project("{FAE04EC0-301F-11D3-BF4B-00C04F79EFBC}") = "lssLib.Messaging.demo", "lssLib.Messaging.demo\lssLib.Messaging.demo.csproj", "{FD7B1990-BEBA-8708-2327-BDAC9A1922B3}"
EndProject
Global
	GlobalSection(SolutionConfigurationPlatforms) = preSolution
		Debug|Any CPU = Debug|Any CPU
		Release|Any CPU = Release|Any CPU
	EndGlobalSection
	GlobalSection(ProjectConfigurationPlatforms) = postSolution
		{4BB39132-F9FE-C83B-DD47-9AD610050263}.Debug|Any CPU.ActiveCfg = Debug|Any CPU
		{4BB39132-F9FE-C83B-DD47-9AD610050263}.Debug|Any CPU.Build.0 = Debug|Any CPU
		{4BB39132-F9FE-C83B-DD47-9AD610050263}.Release|Any CPU.ActiveCfg = Release|Any CPU
		{4BB39132-F9FE-C83B-DD47-9AD610050263}.Release|Any CPU.Build.0 = Release|Any CPU
		{FD7B1990-BEBA-8708-2327-BDAC9A1922B3}.Debug|Any CPU.ActiveCfg = Debug|Any CPU
		{FD7B1990-BEBA-8708-2327-BDAC9A1922B3}.Debug|Any CPU.Build.0 = Debug|Any CPU
		{FD7B1990-BEBA-8708-2327-BDAC9A1922B3}.Release|Any CPU.ActiveCfg = Release|Any CPU
		{FD7B1990-BEBA-8708-2327-BDAC9A1922B3}.Release|Any CPU.Build.0 = Release|Any CPU
	EndGlobalSection
	GlobalSection(SolutionProperties) = preSolution
		HideSolutionNode = FALSE
	EndGlobalSection
	GlobalSection(ExtensibilityGlobals) = postSolution
		SolutionGuid = {578D4601-31F1-4E2D-9F90-15A75C1233E1}
	EndGlobalSection
EndGlobal
