
Microsoft Visual Studio Solution File, Format Version 12.00
# Visual Studio Version 17
VisualStudioVersion = 17.14.37328.6
MinimumVisualStudioVersion = 10.0.40219.1
Project("{FAE04EC0-301F-11D3-BF4B-00C04F79EFBC}") = "IIoT.Manager", "IIoT.Manager\IIoT.Manager.csproj", "{7A4E2B91-5D38-4F0C-9E6A-1B8D3C5F7A20}"
EndProject
Project("{FAE04EC0-301F-11D3-BF4B-00C04F79EFBC}") = "lssLib.Log", "..\..\..\Base\BCL\log\lssLib.Log\lssLib.Log.csproj", "{2C9F6E45-8B17-4D3A-B0E9-6F4A8D2C1E53}"
EndProject
Project("{FAE04EC0-301F-11D3-BF4B-00C04F79EFBC}") = "IIoT.UI.Themes", "..\UI\Themes\IIoT.UI.Themes\IIoT.UI.Themes.csproj", "{9D1B3F72-4A65-4E8C-A2D4-7E5B9C0F3A81}"
EndProject
Project("{FAE04EC0-301F-11D3-BF4B-00C04F79EFBC}") = "IIoT.Contracts", "..\Contracts\IIoT.Contracts.csproj", "{5B8C1D64-9F27-4E3A-B1C8-2D7A4F0E6C95}"
EndProject
Project("{FAE04EC0-301F-11D3-BF4B-00C04F79EFBC}") = "lssLib.DB", "..\..\..\Base\BCL\DB\lssLib.DB\lssLib.DB.csproj", "{8D3F5A21-6C94-4B7E-9A2D-1E5C8F0B3D46}"
EndProject
Project("{FAE04EC0-301F-11D3-BF4B-00C04F79EFBC}") = "lssLib.DB.Sqlite", "..\..\..\Base\BCL\DB\lssLib.DB.Sqlite\lssLib.DB.Sqlite.csproj", "{4A7B2E90-3D18-4F6C-B5E9-7C0A9D2F1B58}"
EndProject
Global
	GlobalSection(SolutionConfigurationPlatforms) = preSolution
		Debug|Any CPU = Debug|Any CPU
		Release|Any CPU = Release|Any CPU
	EndGlobalSection
	GlobalSection(ProjectConfigurationPlatforms) = postSolution
		{7A4E2B91-5D38-4F0C-9E6A-1B8D3C5F7A20}.Debug|Any CPU.ActiveCfg = Debug|Any CPU
		{7A4E2B91-5D38-4F0C-9E6A-1B8D3C5F7A20}.Debug|Any CPU.Build.0 = Debug|Any CPU
		{7A4E2B91-5D38-4F0C-9E6A-1B8D3C5F7A20}.Release|Any CPU.ActiveCfg = Release|Any CPU
		{7A4E2B91-5D38-4F0C-9E6A-1B8D3C5F7A20}.Release|Any CPU.Build.0 = Release|Any CPU
		{2C9F6E45-8B17-4D3A-B0E9-6F4A8D2C1E53}.Debug|Any CPU.ActiveCfg = Debug|Any CPU
		{2C9F6E45-8B17-4D3A-B0E9-6F4A8D2C1E53}.Debug|Any CPU.Build.0 = Debug|Any CPU
		{2C9F6E45-8B17-4D3A-B0E9-6F4A8D2C1E53}.Release|Any CPU.ActiveCfg = Release|Any CPU
		{2C9F6E45-8B17-4D3A-B0E9-6F4A8D2C1E53}.Release|Any CPU.Build.0 = Release|Any CPU
		{9D1B3F72-4A65-4E8C-A2D4-7E5B9C0F3A81}.Debug|Any CPU.ActiveCfg = Debug|Any CPU
		{9D1B3F72-4A65-4E8C-A2D4-7E5B9C0F3A81}.Debug|Any CPU.Build.0 = Debug|Any CPU
		{9D1B3F72-4A65-4E8C-A2D4-7E5B9C0F3A81}.Release|Any CPU.ActiveCfg = Release|Any CPU
		{9D1B3F72-4A65-4E8C-A2D4-7E5B9C0F3A81}.Release|Any CPU.Build.0 = Release|Any CPU
		{5B8C1D64-9F27-4E3A-B1C8-2D7A4F0E6C95}.Debug|Any CPU.ActiveCfg = Debug|Any CPU
		{5B8C1D64-9F27-4E3A-B1C8-2D7A4F0E6C95}.Debug|Any CPU.Build.0 = Debug|Any CPU
		{5B8C1D64-9F27-4E3A-B1C8-2D7A4F0E6C95}.Release|Any CPU.ActiveCfg = Release|Any CPU
		{5B8C1D64-9F27-4E3A-B1C8-2D7A4F0E6C95}.Release|Any CPU.Build.0 = Release|Any CPU
		{8D3F5A21-6C94-4B7E-9A2D-1E5C8F0B3D46}.Debug|Any CPU.ActiveCfg = Debug|Any CPU
		{8D3F5A21-6C94-4B7E-9A2D-1E5C8F0B3D46}.Debug|Any CPU.Build.0 = Debug|Any CPU
		{8D3F5A21-6C94-4B7E-9A2D-1E5C8F0B3D46}.Release|Any CPU.ActiveCfg = Release|Any CPU
		{8D3F5A21-6C94-4B7E-9A2D-1E5C8F0B3D46}.Release|Any CPU.Build.0 = Release|Any CPU
		{4A7B2E90-3D18-4F6C-B5E9-7C0A9D2F1B58}.Debug|Any CPU.ActiveCfg = Debug|Any CPU
		{4A7B2E90-3D18-4F6C-B5E9-7C0A9D2F1B58}.Debug|Any CPU.Build.0 = Debug|Any CPU
		{4A7B2E90-3D18-4F6C-B5E9-7C0A9D2F1B58}.Release|Any CPU.ActiveCfg = Release|Any CPU
		{4A7B2E90-3D18-4F6C-B5E9-7C0A9D2F1B58}.Release|Any CPU.Build.0 = Release|Any CPU
	EndGlobalSection
	GlobalSection(SolutionProperties) = preSolution
		HideSolutionNode = FALSE
	EndGlobalSection
	GlobalSection(ExtensibilityGlobals) = postSolution
		SolutionGuid = {E6A8D4F1-3B2C-4A9E-8D57-0C1F6E9B2A34}
	EndGlobalSection
EndGlobal
