
Microsoft Visual Studio Solution File, Format Version 12.00
# Visual Studio Version 17
VisualStudioVersion = 17.14.37216.2 d17.14
MinimumVisualStudioVersion = 10.0.40219.1
Project("{FAE04EC0-301F-11D3-BF4B-00C04F79EFBC}") = "IIoT.Contracts", "IIoT.Contracts.csproj", "{FD15F2C2-0977-47B2-B448-CB3E6B505C53}"
EndProject
Global
	GlobalSection(SolutionConfigurationPlatforms) = preSolution
		Debug|Any CPU = Debug|Any CPU
		Release|Any CPU = Release|Any CPU
	EndGlobalSection
	GlobalSection(ProjectConfigurationPlatforms) = postSolution
		{FD15F2C2-0977-47B2-B448-CB3E6B505C53}.Debug|Any CPU.ActiveCfg = Debug|Any CPU
		{FD15F2C2-0977-47B2-B448-CB3E6B505C53}.Debug|Any CPU.Build.0 = Debug|Any CPU
		{FD15F2C2-0977-47B2-B448-CB3E6B505C53}.Release|Any CPU.ActiveCfg = Release|Any CPU
		{FD15F2C2-0977-47B2-B448-CB3E6B505C53}.Release|Any CPU.Build.0 = Release|Any CPU
	EndGlobalSection
	GlobalSection(SolutionProperties) = preSolution
		HideSolutionNode = FALSE
	EndGlobalSection
	GlobalSection(ExtensibilityGlobals) = postSolution
		SolutionGuid = {58DD0007-7414-484E-A8B1-ECCC4D4D90CD}
	EndGlobalSection
EndGlobal
