
Microsoft Visual Studio Solution File, Format Version 12.00
# Visual Studio Version 17
VisualStudioVersion = 17.13.35919.96
MinimumVisualStudioVersion = 10.0.40219.1
Project("{FAE04EC0-301F-11D3-BF4B-00C04F79EFBC}") = "lssLib.Binary", "lssLib.Serialization\lssLib.Binary.csproj", "{BA55D7D6-9481-4B5C-A96E-3A2A259B1E41}"
EndProject
Project("{FAE04EC0-301F-11D3-BF4B-00C04F79EFBC}") = "lssLib.Extensions", "lssLib.Extensions\lssLib.Extensions.csproj", "{5AF4DD40-D679-41B5-BF93-3D6595BF312A}"
EndProject
Project("{FAE04EC0-301F-11D3-BF4B-00C04F79EFBC}") = "lssLib.Serialization.WpfDemo", "lssLib.Serialization.WpfDemo\lssLib.Serialization.WpfDemo.csproj", "{12BFF932-3B4B-BB08-F28D-E711BE0651DF}"
EndProject
Global
	GlobalSection(SolutionConfigurationPlatforms) = preSolution
		Debug|Any CPU = Debug|Any CPU
		Release|Any CPU = Release|Any CPU
	EndGlobalSection
	GlobalSection(ProjectConfigurationPlatforms) = postSolution
		{BA55D7D6-9481-4B5C-A96E-3A2A259B1E41}.Debug|Any CPU.ActiveCfg = Debug|Any CPU
		{BA55D7D6-9481-4B5C-A96E-3A2A259B1E41}.Debug|Any CPU.Build.0 = Debug|Any CPU
		{BA55D7D6-9481-4B5C-A96E-3A2A259B1E41}.Release|Any CPU.ActiveCfg = Release|Any CPU
		{BA55D7D6-9481-4B5C-A96E-3A2A259B1E41}.Release|Any CPU.Build.0 = Release|Any CPU
		{5AF4DD40-D679-41B5-BF93-3D6595BF312A}.Debug|Any CPU.ActiveCfg = Debug|Any CPU
		{5AF4DD40-D679-41B5-BF93-3D6595BF312A}.Debug|Any CPU.Build.0 = Debug|Any CPU
		{5AF4DD40-D679-41B5-BF93-3D6595BF312A}.Release|Any CPU.ActiveCfg = Release|Any CPU
		{5AF4DD40-D679-41B5-BF93-3D6595BF312A}.Release|Any CPU.Build.0 = Release|Any CPU
		{12BFF932-3B4B-BB08-F28D-E711BE0651DF}.Debug|Any CPU.ActiveCfg = Debug|Any CPU
		{12BFF932-3B4B-BB08-F28D-E711BE0651DF}.Debug|Any CPU.Build.0 = Debug|Any CPU
		{12BFF932-3B4B-BB08-F28D-E711BE0651DF}.Release|Any CPU.ActiveCfg = Release|Any CPU
		{12BFF932-3B4B-BB08-F28D-E711BE0651DF}.Release|Any CPU.Build.0 = Release|Any CPU
	EndGlobalSection
	GlobalSection(SolutionProperties) = preSolution
		HideSolutionNode = FALSE
	EndGlobalSection
	GlobalSection(ExtensibilityGlobals) = postSolution
		SolutionGuid = {8EFABBE7-E269-4B23-B9F6-AB369E821C06}
	EndGlobalSection
EndGlobal
