
Microsoft Visual Studio Solution File, Format Version 12.00
# Visual Studio Version 17
VisualStudioVersion = 17.14.37314.3
MinimumVisualStudioVersion = 10.0.40219.1
Project("{FAE04EC0-301F-11D3-BF4B-00C04F79EFBC}") = "IIoT.CollectorRuntime", "IIoT.CollectorRuntime\IIoT.CollectorRuntime.csproj", "{6B6AFA3D-0E76-4314-B6B4-45BB3B9FA78E}"
EndProject
Project("{FAE04EC0-301F-11D3-BF4B-00C04F79EFBC}") = "lssLib.Config", "..\..\..\Base\BCL\Config\lssLib.Config\lssLib.Config.csproj", "{3CC09A04-9494-478C-B5AD-1870F805B58E}"
EndProject
Project("{FAE04EC0-301F-11D3-BF4B-00C04F79EFBC}") = "lssLib.DB", "..\..\..\Base\BCL\DB\lssLib.DB\lssLib.DB.csproj", "{140D240A-A990-3DBC-EBD9-3CAAD7A3FF34}"
EndProject
Project("{FAE04EC0-301F-11D3-BF4B-00C04F79EFBC}") = "lssLib.DB.Sqlite", "..\..\..\Base\BCL\DB\lssLib.DB.Sqlite\lssLib.DB.Sqlite.csproj", "{BBA9F4B7-4279-6DEE-3E07-75EB04CF9920}"
EndProject
Project("{FAE04EC0-301F-11D3-BF4B-00C04F79EFBC}") = "lssLib.Log", "..\..\..\Base\BCL\log\lssLib.Log\lssLib.Log.csproj", "{119DFCED-0650-E203-EE8A-1CEB9DB84C09}"
EndProject
Project("{FAE04EC0-301F-11D3-BF4B-00C04F79EFBC}") = "lssLib.Messaging", "..\..\..\Base\BCL\Message\lssLib.Messaging\lssLib.Messaging.csproj", "{BE75E032-419E-4B6D-D8F1-E59CC3503452}"
EndProject
Project("{FAE04EC0-301F-11D3-BF4B-00C04F79EFBC}") = "lssLib.Net", "..\..\..\Base\BCL\Net\lssLib.Net_Ver5\lssLib.Net\lssLib.Net.csproj", "{E4A1ACD5-C767-48F3-AD79-64D4134A320C}"
EndProject
Project("{FAE04EC0-301F-11D3-BF4B-00C04F79EFBC}") = "lssLib.Utils", "..\..\..\Base\BCL\Utils\lssLib.Utils\lssLib.Utils.csproj", "{7846ACA6-1A51-C8CE-605B-075B21338EEE}"
EndProject
Project("{FAE04EC0-301F-11D3-BF4B-00C04F79EFBC}") = "IIoT.UI.Themes", "..\UI\Themes\IIoT.UI.Themes\IIoT.UI.Themes.csproj", "{F19FDB3C-BEDA-0802-5FC1-D31E5CA61487}"
EndProject
Global
	GlobalSection(SolutionConfigurationPlatforms) = preSolution
		Debug|Any CPU = Debug|Any CPU
		Release|Any CPU = Release|Any CPU
	EndGlobalSection
	GlobalSection(ProjectConfigurationPlatforms) = postSolution
		{6B6AFA3D-0E76-4314-B6B4-45BB3B9FA78E}.Debug|Any CPU.ActiveCfg = Debug|Any CPU
		{6B6AFA3D-0E76-4314-B6B4-45BB3B9FA78E}.Debug|Any CPU.Build.0 = Debug|Any CPU
		{6B6AFA3D-0E76-4314-B6B4-45BB3B9FA78E}.Release|Any CPU.ActiveCfg = Release|Any CPU
		{6B6AFA3D-0E76-4314-B6B4-45BB3B9FA78E}.Release|Any CPU.Build.0 = Release|Any CPU
		{3CC09A04-9494-478C-B5AD-1870F805B58E}.Debug|Any CPU.ActiveCfg = Debug|Any CPU
		{3CC09A04-9494-478C-B5AD-1870F805B58E}.Debug|Any CPU.Build.0 = Debug|Any CPU
		{3CC09A04-9494-478C-B5AD-1870F805B58E}.Release|Any CPU.ActiveCfg = Release|Any CPU
		{3CC09A04-9494-478C-B5AD-1870F805B58E}.Release|Any CPU.Build.0 = Release|Any CPU
		{140D240A-A990-3DBC-EBD9-3CAAD7A3FF34}.Debug|Any CPU.ActiveCfg = Debug|Any CPU
		{140D240A-A990-3DBC-EBD9-3CAAD7A3FF34}.Debug|Any CPU.Build.0 = Debug|Any CPU
		{140D240A-A990-3DBC-EBD9-3CAAD7A3FF34}.Release|Any CPU.ActiveCfg = Release|Any CPU
		{140D240A-A990-3DBC-EBD9-3CAAD7A3FF34}.Release|Any CPU.Build.0 = Release|Any CPU
		{BBA9F4B7-4279-6DEE-3E07-75EB04CF9920}.Debug|Any CPU.ActiveCfg = Debug|Any CPU
		{BBA9F4B7-4279-6DEE-3E07-75EB04CF9920}.Debug|Any CPU.Build.0 = Debug|Any CPU
		{BBA9F4B7-4279-6DEE-3E07-75EB04CF9920}.Release|Any CPU.ActiveCfg = Release|Any CPU
		{BBA9F4B7-4279-6DEE-3E07-75EB04CF9920}.Release|Any CPU.Build.0 = Release|Any CPU
		{119DFCED-0650-E203-EE8A-1CEB9DB84C09}.Debug|Any CPU.ActiveCfg = Debug|Any CPU
		{119DFCED-0650-E203-EE8A-1CEB9DB84C09}.Debug|Any CPU.Build.0 = Debug|Any CPU
		{119DFCED-0650-E203-EE8A-1CEB9DB84C09}.Release|Any CPU.ActiveCfg = Release|Any CPU
		{119DFCED-0650-E203-EE8A-1CEB9DB84C09}.Release|Any CPU.Build.0 = Release|Any CPU
		{BE75E032-419E-4B6D-D8F1-E59CC3503452}.Debug|Any CPU.ActiveCfg = Debug|Any CPU
		{BE75E032-419E-4B6D-D8F1-E59CC3503452}.Debug|Any CPU.Build.0 = Debug|Any CPU
		{BE75E032-419E-4B6D-D8F1-E59CC3503452}.Release|Any CPU.ActiveCfg = Release|Any CPU
		{BE75E032-419E-4B6D-D8F1-E59CC3503452}.Release|Any CPU.Build.0 = Release|Any CPU
		{E4A1ACD5-C767-48F3-AD79-64D4134A320C}.Debug|Any CPU.ActiveCfg = Debug|Any CPU
		{E4A1ACD5-C767-48F3-AD79-64D4134A320C}.Debug|Any CPU.Build.0 = Debug|Any CPU
		{E4A1ACD5-C767-48F3-AD79-64D4134A320C}.Release|Any CPU.ActiveCfg = Release|Any CPU
		{E4A1ACD5-C767-48F3-AD79-64D4134A320C}.Release|Any CPU.Build.0 = Release|Any CPU
		{7846ACA6-1A51-C8CE-605B-075B21338EEE}.Debug|Any CPU.ActiveCfg = Debug|Any CPU
		{7846ACA6-1A51-C8CE-605B-075B21338EEE}.Debug|Any CPU.Build.0 = Debug|Any CPU
		{7846ACA6-1A51-C8CE-605B-075B21338EEE}.Release|Any CPU.ActiveCfg = Release|Any CPU
		{7846ACA6-1A51-C8CE-605B-075B21338EEE}.Release|Any CPU.Build.0 = Release|Any CPU
		{F19FDB3C-BEDA-0802-5FC1-D31E5CA61487}.Debug|Any CPU.ActiveCfg = Debug|Any CPU
		{F19FDB3C-BEDA-0802-5FC1-D31E5CA61487}.Debug|Any CPU.Build.0 = Debug|Any CPU
		{F19FDB3C-BEDA-0802-5FC1-D31E5CA61487}.Release|Any CPU.ActiveCfg = Release|Any CPU
		{F19FDB3C-BEDA-0802-5FC1-D31E5CA61487}.Release|Any CPU.Build.0 = Release|Any CPU
	EndGlobalSection
	GlobalSection(SolutionProperties) = preSolution
		HideSolutionNode = FALSE
	EndGlobalSection
	GlobalSection(ExtensibilityGlobals) = postSolution
		SolutionGuid = {D7590F81-C50D-42A5-B7F7-5D103ABB5EE8}
	EndGlobalSection
EndGlobal
